
Microsoft Visual Studio Solution File, Format Version 12.00
# Visual Studio Version 16
VisualStudioVersion = 16.0.29920.165
MinimumVisualStudioVersion = 10.0.40219.1
Project("{9A19103F-16F7-4668-BE54-9A1E7A4F7556}") = "ShopApp.WebUI", "ShopApp.WebUI\ShopApp.WebUI.csproj", "{C0A0C3EF-06E5-4AD4-BDBC-DC801582040F}"
EndProject
Project("{9A19103F-16F7-4668-BE54-9A1E7A4F7556}") = "ShopApp.Core", "ShopApp.Core\ShopApp.Core.csproj", "{39F1A185-AABC-4BFC-A230-E0558CA31358}"
EndProject
Project("{9A19103F-16F7-4668-BE54-9A1E7A4F7556}") = "ShopApp.DataAccess", "ShopApp.DataAccess\ShopApp.DataAccess.csproj", "{1CF152A3-BE85-4AAA-889F-20A8A4C076F7}"
EndProject
Project("{9A19103F-16F7-4668-BE54-9A1E7A4F7556}") = "ShopApp.Services", "ShopApp.Services\ShopApp.Services.csproj", "{E9BE06B5-47B8-401B-875F-028837EC8BE3}"
EndProject
Project("{FAE04EC0-301F-11D3-BF4B-00C04F79EFBC}") = "ShopApp.Web.Framework", "ShopApp.Web.Framework\ShopApp.Web.Framework.csproj", "{94DFA39F-FF8C-43E7-934D-063EAE4619CA}"
EndProject
Global
	GlobalSection(SolutionConfigurationPlatforms) = preSolution
		Debug|Any CPU = Debug|Any CPU
		Release|Any CPU = Release|Any CPU
	EndGlobalSection
	GlobalSection(ProjectConfigurationPlatforms) = postSolution
		{C0A0C3EF-06E5-4AD4-BDBC-DC801582040F}.Debug|Any CPU.ActiveCfg = Debug|Any CPU
		{C0A0C3EF-06E5-4AD4-BDBC-DC801582040F}.Debug|Any CPU.Build.0 = Debug|Any CPU
		{C0A0C3EF-06E5-4AD4-BDBC-DC801582040F}.Release|Any CPU.ActiveCfg = Release|Any CPU
		{C0A0C3EF-06E5-4AD4-BDBC-DC801582040F}.Release|Any CPU.Build.0 = Release|Any CPU
		{39F1A185-AABC-4BFC-A230-E0558CA31358}.Debug|Any CPU.ActiveCfg = Debug|Any CPU
		{39F1A185-AABC-4BFC-A230-E0558CA31358}.Debug|Any CPU.Build.0 = Debug|Any CPU
		{39F1A185-AABC-4BFC-A230-E0558CA31358}.Release|Any CPU.ActiveCfg = Release|Any CPU
		{39F1A185-AABC-4BFC-A230-E0558CA31358}.Release|Any CPU.Build.0 = Release|Any CPU
		{1CF152A3-BE85-4AAA-889F-20A8A4C076F7}.Debug|Any CPU.ActiveCfg = Debug|Any CPU
		{1CF152A3-BE85-4AAA-889F-20A8A4C076F7}.Debug|Any CPU.Build.0 = Debug|Any CPU
		{1CF152A3-BE85-4AAA-889F-20A8A4C076F7}.Release|Any CPU.ActiveCfg = Release|Any CPU
		{1CF152A3-BE85-4AAA-889F-20A8A4C076F7}.Release|Any CPU.Build.0 = Release|Any CPU
		{E9BE06B5-47B8-401B-875F-028837EC8BE3}.Debug|Any CPU.ActiveCfg = Debug|Any CPU
		{E9BE06B5-47B8-401B-875F-028837EC8BE3}.Debug|Any CPU.Build.0 = Debug|Any CPU
		{E9BE06B5-47B8-401B-875F-028837EC8BE3}.Release|Any CPU.ActiveCfg = Release|Any CPU
		{E9BE06B5-47B8-401B-875F-028837EC8BE3}.Release|Any CPU.Build.0 = Release|Any CPU
		{94DFA39F-FF8C-43E7-934D-063EAE4619CA}.Debug|Any CPU.ActiveCfg = Debug|Any CPU
		{94DFA39F-FF8C-43E7-934D-063EAE4619CA}.Debug|Any CPU.Build.0 = Debug|Any CPU
		{94DFA39F-FF8C-43E7-934D-063EAE4619CA}.Release|Any CPU.ActiveCfg = Release|Any CPU
		{94DFA39F-FF8C-43E7-934D-063EAE4619CA}.Release|Any CPU.Build.0 = Release|Any CPU
	EndGlobalSection
	GlobalSection(SolutionProperties) = preSolution
		HideSolutionNode = FALSE
	EndGlobalSection
	GlobalSection(ExtensibilityGlobals) = postSolution
		SolutionGuid = {59B3D5B4-DF82-4256-A94E-7F0EB1768AB1}
	EndGlobalSection
EndGlobal
